
Microsoft Visual Studio Solution File, Format Version 12.00
# Visual Studio Version 16
VisualStudioVersion = 16.0.30717.126
MinimumVisualStudioVersion = 10.0.40219.1
Project("{FAE04EC0-301F-11D3-BF4B-00C04F79EFBC}") = "database-integration-app", "database-integration-app.csproj", "{BB2F09F7-FA88-42DF-9592-AF099B798595}"
EndProject
Global
	GlobalSection(SolutionConfigurationPlatforms) = preSolution
		Debug|Any CPU = Debug|Any CPU
		Release|Any CPU = Release|Any CPU
	EndGlobalSection
	GlobalSection(ProjectConfigurationPlatforms) = postSolution
		{BB2F09F7-FA88-42DF-9592-AF099B798595}.Debug|Any CPU.ActiveCfg = Debug|Any CPU
		{BB2F09F7-FA88-42DF-9592-AF099B798595}.Debug|Any CPU.Build.0 = Debug|Any CPU
		{BB2F09F7-FA88-42DF-9592-AF099B798595}.Release|Any CPU.ActiveCfg = Release|Any CPU
		{BB2F09F7-FA88-42DF-9592-AF099B798595}.Release|Any CPU.Build.0 = Release|Any CPU
	EndGlobalSection
	GlobalSection(SolutionProperties) = preSolution
		HideSolutionNode = FALSE
	EndGlobalSection
	GlobalSection(ExtensibilityGlobals) = postSolution
		SolutionGuid = {50A5D0B6-3DFD-4D29-BA96-48F36A8DFE57}
	EndGlobalSection
EndGlobal
